// !$*UTF8*$!
{
	archiveVersion = 1;
	classes = {
	};
	objectVersion = 46;
	objects = {

/* Begin PBXBuildFile section */
		FE50751F1FD9465E00244146 /* LocationViewController.m in Sources */ = {isa = PBXBuildFile; fileRef = FE50751E1FD9465E00244146 /* LocationViewController.m */; };
		FE5AD37E1FD9652200FB5F9D /* GreenCircle.png in Resources */ = {isa = PBXBuildFile; fileRef = FE5AD37B1FD9652200FB5F9D /* GreenCircle.png */; };
		FE5AD37F1FD9652200FB5F9D /* RedCircle.png in Resources */ = {isa = PBXBuildFile; fileRef = FE5AD37C1FD9652200FB5F9D /* RedCircle.png */; };
		FE5AD3801FD9652200FB5F9D /* YellowCircle.png in Resources */ = {isa = PBXBuildFile; fileRef = FE5AD37D1FD9652200FB5F9D /* YellowCircle.png */; };
		FE71AA4C1FD6E8AE0068BF2E /* MapKit.framework in Frameworks */ = {isa = PBXBuildFile; fileRef = FE71AA4B1FD6E8AE0068BF2E /* MapKit.framework */; };
		FE71AA4E1FD6E94F0068BF2E /* CoreLocation.framework in Frameworks */ = {isa = PBXBuildFile; fileRef = FE71AA4D1FD6E94F0068BF2E /* CoreLocation.framework */; };
		FE814EC91FD9BC64004C1E1E /* Route 1 location.png in Resources */ = {isa = PBXBuildFile; fileRef = FE814EB51FD9BC64004C1E1E /* Route 1 location.png */; };
		FE814ECA1FD9BC64004C1E1E /* Route 2 location.png in Resources */ = {isa = PBXBuildFile; fileRef = FE814EB61FD9BC64004C1E1E /* Route 2 location.png */; };
		FE814ECB1FD9BC64004C1E1E /* Route 3 location.png in Resources */ = {isa = PBXBuildFile; fileRef = FE814EB71FD9BC64004C1E1E /* Route 3 location.png */; };
		FE814ECC1FD9BC64004C1E1E /* Route 4 location.png in Resources */ = {isa = PBXBuildFile; fileRef = FE814EB81FD9BC64004C1E1E /* Route 4 location.png */; };
		FE814ECD1FD9BC64004C1E1E /* Route 5 location.png in Resources */ = {isa = PBXBuildFile; fileRef = FE814EB91FD9BC64004C1E1E /* Route 5 location.png */; };
		FE814ECE1FD9BC64004C1E1E /* Route 6 location.png in Resources */ = {isa = PBXBuildFile; fileRef = FE814EBA1FD9BC64004C1E1E /* Route 6 location.png */; };
		FE814ECF1FD9BC64004C1E1E /* Route 7 location.png in Resources */ = {isa = PBXBuildFile; fileRef = FE814EBB1FD9BC64004C1E1E /* Route 7 location.png */; };
		FE814ED01FD9BC64004C1E1E /* Route 8 location.png in Resources */ = {isa = PBXBuildFile; fileRef = FE814EBC1FD9BC64004C1E1E /* Route 8 location.png */; };
		FE814ED11FD9BC64004C1E1E /* Route 11 location.png in Resources */ = {isa = PBXBuildFile; fileRef = FE814EBD1FD9BC64004C1E1E /* Route 11 location.png */; };
		FE814ED21FD9BC64004C1E1E /* Route 12 location.png in Resources */ = {isa = PBXBuildFile; fileRef = FE814EBE1FD9BC64004C1E1E /* Route 12 location.png */; };
		FE814ED31FD9BC64004C1E1E /* Route 13 location.png in Resources */ = {isa = PBXBuildFile; fileRef = FE814EBF1FD9BC64004C1E1E /* Route 13 location.png */; };
		FE814ED41FD9BC64004C1E1E /* Route 17 location.png in Resources */ = {isa = PBXBuildFile; fileRef = FE814EC01FD9BC64004C1E1E /* Route 17 location.png */; };
		FE814ED51FD9BC64004C1E1E /* Route 14 location.png in Resources */ = {isa = PBXBuildFile; fileRef = FE814EC11FD9BC64004C1E1E /* Route 14 location.png */; };
		FE814ED61FD9BC64004C1E1E /* Route 15 location.png in Resources */ = {isa = PBXBuildFile; fileRef = FE814EC21FD9BC64004C1E1E /* Route 15 location.png */; };
		FE814ED71FD9BC64004C1E1E /* Route 16 image.png in Resources */ = {isa = PBXBuildFile; fileRef = FE814EC31FD9BC64004C1E1E /* Route 16 image.png */; };
		FE814ED81FD9BC64004C1E1E /* Route 18 location.png in Resources */ = {isa = PBXBuildFile; fileRef = FE814EC41FD9BC64004C1E1E /* Route 18 location.png */; };
		FE814ED91FD9BC64004C1E1E /* Route 19 location.png in Resources */ = {isa = PBXBuildFile; fileRef = FE814EC51FD9BC64004C1E1E /* Route 19 location.png */; };
		FE814EDA1FD9BC64004C1E1E /* Route 9 location.png in Resources */ = {isa = PBXBuildFile; fileRef = FE814EC61FD9BC64004C1E1E /* Route 9 location.png */; };
		FE814EDB1FD9BC64004C1E1E /* Route 20 location.png in Resources */ = {isa = PBXBuildFile; fileRef = FE814EC71FD9BC64004C1E1E /* Route 20 location.png */; };
		FE814EDC1FD9BC64004C1E1E /* Route 10 location.png in Resources */ = {isa = PBXBuildFile; fileRef = FE814EC81FD9BC64004C1E1E /* Route 10 location.png */; };
		FEA31D8B1FD1BA980095D2D2 /* TickIcon.png in Resources */ = {isa = PBXBuildFile; fileRef = FEA31D8A1FD1BA980095D2D2 /* TickIcon.png */; };
		FEA31D8D1FD1BEA50095D2D2 /* WhiteTickIcon.png in Resources */ = {isa = PBXBuildFile; fileRef = FEA31D8C1FD1BEA50095D2D2 /* WhiteTickIcon.png */; };
		FEAAB95E1FC30E49002D20DA /* main.m in Sources */ = {isa = PBXBuildFile; fileRef = FEAAB95D1FC30E49002D20DA /* main.m */; };
		FEAAB9611FC30E49002D20DA /* AppDelegate.m in Sources */ = {isa = PBXBuildFile; fileRef = FEAAB9601FC30E49002D20DA /* AppDelegate.m */; };
		FEAAB9641FC30E49002D20DA /* DifficultyKeyViewController.m in Sources */ = {isa = PBXBuildFile; fileRef = FEAAB9631FC30E49002D20DA /* DifficultyKeyViewController.m */; };
		FEAAB9671FC30E49002D20DA /* StatisticsViewController.m in Sources */ = {isa = PBXBuildFile; fileRef = FEAAB9661FC30E49002D20DA /* StatisticsViewController.m */; };
		FEAAB96A1FC30E49002D20DA /* Main.storyboard in Resources */ = {isa = PBXBuildFile; fileRef = FEAAB9681FC30E49002D20DA /* Main.storyboard */; };
		FEAAB96C1FC30E49002D20DA /* Assets.xcassets in Resources */ = {isa = PBXBuildFile; fileRef = FEAAB96B1FC30E49002D20DA /* Assets.xcassets */; };
		FEAAB96F1FC30E49002D20DA /* LaunchScreen.storyboard in Resources */ = {isa = PBXBuildFile; fileRef = FEAAB96D1FC30E49002D20DA /* LaunchScreen.storyboard */; };
		FEAAB97A1FC30E49002D20DA /* Climbing_ApplicationTests.m in Sources */ = {isa = PBXBuildFile; fileRef = FEAAB9791FC30E49002D20DA /* Climbing_ApplicationTests.m */; };
		FEAAB9851FC30E49002D20DA /* Climbing_ApplicationUITests.m in Sources */ = {isa = PBXBuildFile; fileRef = FEAAB9841FC30E49002D20DA /* Climbing_ApplicationUITests.m */; };
		FEC6F6211FCD935B00C072D9 /* Route.m in Sources */ = {isa = PBXBuildFile; fileRef = FEC6F6201FCD935B00C072D9 /* Route.m */; };
		FEC6F6241FCD96F200C072D9 /* DataModel.m in Sources */ = {isa = PBXBuildFile; fileRef = FEC6F6231FCD96F200C072D9 /* DataModel.m */; };
		FEC6F6261FCD9A7300C072D9 /* Test image.jpg in Resources */ = {isa = PBXBuildFile; fileRef = FEC6F6251FCD9A7300C072D9 /* Test image.jpg */; };
		FEC6F6291FCD9DBC00C072D9 /* TableViewController.m in Sources */ = {isa = PBXBuildFile; fileRef = FEC6F6281FCD9DBC00C072D9 /* TableViewController.m */; };
		FEC6F62C1FCDA80400C072D9 /* RouteViewController.m in Sources */ = {isa = PBXBuildFile; fileRef = FEC6F62B1FCDA80400C072D9 /* RouteViewController.m */; };
		FEE252961FD5A52C00EDF7CC /* Green_climbing_hold.png in Resources */ = {isa = PBXBuildFile; fileRef = FEE252951FD5A52C00EDF7CC /* Green_climbing_hold.png */; };
		FEE252981FD5B79000EDF7CC /* Orange_climbing_hold.jpg in Resources */ = {isa = PBXBuildFile; fileRef = FEE252971FD5B79000EDF7CC /* Orange_climbing_hold.jpg */; };
		FEE2529A1FD5B79500EDF7CC /* Grey_climbing_hold.jpg in Resources */ = {isa = PBXBuildFile; fileRef = FEE252991FD5B79500EDF7CC /* Grey_climbing_hold.jpg */; };
		FEE252A01FD5B7A900EDF7CC /* Yellow_climbing_hold.png in Resources */ = {isa = PBXBuildFile; fileRef = FEE2529B1FD5B7A900EDF7CC /* Yellow_climbing_hold.png */; };
		FEE252A11FD5B7A900EDF7CC /* Pink_climbing_hold.jpg in Resources */ = {isa = PBXBuildFile; fileRef = FEE2529C1FD5B7A900EDF7CC /* Pink_climbing_hold.jpg */; };
		FEE252A21FD5B7A900EDF7CC /* Blue_climbing_hold.jpg in Resources */ = {isa = PBXBuildFile; fileRef = FEE2529D1FD5B7A900EDF7CC /* Blue_climbing_hold.jpg */; };
		FEE252A31FD5B7A900EDF7CC /* Black_climbing_hold.jpg in Resources */ = {isa = PBXBuildFile; fileRef = FEE2529E1FD5B7A900EDF7CC /* Black_climbing_hold.jpg */; };
		FEE252A61FD5B94500EDF7CC /* Purple_climbing_hold_2.jpg in Resources */ = {isa = PBXBuildFile; fileRef = FEE252A51FD5B94500EDF7CC /* Purple_climbing_hold_2.jpg */; };
		FEE252A81FD5C70100EDF7CC /* Back_button.png in Resources */ = {isa = PBXBuildFile; fileRef = FEE252A71FD5C70100EDF7CC /* Back_button.png */; };
/* End PBXBuildFile section */

/* Begin PBXContainerItemProxy section */
		FEAAB9761FC30E49002D20DA /* PBXContainerItemProxy */ = {
			isa = PBXContainerItemProxy;
			containerPortal = FEAAB9511FC30E48002D20DA /* Project object */;
			proxyType = 1;
			remoteGlobalIDString = FEAAB9581FC30E48002D20DA;
			remoteInfo = "Climbing Application";
		};
		FEAAB9811FC30E49002D20DA /* PBXContainerItemProxy */ = {
			isa = PBXContainerItemProxy;
			containerPortal = FEAAB9511FC30E48002D20DA /* Project object */;
			proxyType = 1;
			remoteGlobalIDString = FEAAB9581FC30E48002D20DA;
			remoteInfo = "Climbing Application";
		};
/* End PBXContainerItemProxy section */

/* Begin PBXFileReference section */
		FE50751D1FD9465E00244146 /* LocationViewController.h */ = {isa = PBXFileReference; fileEncoding = 4; lastKnownFileType = sourcecode.c.h; name = LocationViewController.h; path = ../LocationViewController.h; sourceTree = "<group>"; };
		FE50751E1FD9465E00244146 /* LocationViewController.m */ = {isa = PBXFileReference; fileEncoding = 4; lastKnownFileType = sourcecode.c.objc; name = LocationViewController.m; path = ../LocationViewController.m; sourceTree = "<group>"; };
		FE5AD37B1FD9652200FB5F9D /* GreenCircle.png */ = {isa = PBXFileReference; lastKnownFileType = image.png; path = GreenCircle.png; sourceTree = "<group>"; };
		FE5AD37C1FD9652200FB5F9D /* RedCircle.png */ = {isa = PBXFileReference; lastKnownFileType = image.png; path = RedCircle.png; sourceTree = "<group>"; };
		FE5AD37D1FD9652200FB5F9D /* YellowCircle.png */ = {isa = PBXFileReference; lastKnownFileType = image.png; path = YellowCircle.png; sourceTree = "<group>"; };
		FE71AA4B1FD6E8AE0068BF2E /* MapKit.framework */ = {isa = PBXFileReference; lastKnownFileType = wrapper.framework; name = MapKit.framework; path = System/Library/Frameworks/MapKit.framework; sourceTree = SDKROOT; };
		FE71AA4D1FD6E94F0068BF2E /* CoreLocation.framework */ = {isa = PBXFileReference; lastKnownFileType = wrapper.framework; name = CoreLocation.framework; path = System/Library/Frameworks/CoreLocation.framework; sourceTree = SDKROOT; };
		FE814EB51FD9BC64004C1E1E /* Route 1 location.png */ = {isa = PBXFileReference; lastKnownFileType = image.png; path = "Route 1 location.png"; sourceTree = "<group>"; };
		FE814EB61FD9BC64004C1E1E /* Route 2 location.png */ = {isa = PBXFileReference; lastKnownFileType = image.png; path = "Route 2 location.png"; sourceTree = "<group>"; };
		FE814EB71FD9BC64004C1E1E /* Route 3 location.png */ = {isa = PBXFileReference; lastKnownFileType = image.png; path = "Route 3 location.png"; sourceTree = "<group>"; };
		FE814EB81FD9BC64004C1E1E /* Route 4 location.png */ = {isa = PBXFileReference; lastKnownFileType = image.png; path = "Route 4 location.png"; sourceTree = "<group>"; };
		FE814EB91FD9BC64004C1E1E /* Route 5 location.png */ = {isa = PBXFileReference; lastKnownFileType = image.png; path = "Route 5 location.png"; sourceTree = "<group>"; };
		FE814EBA1FD9BC64004C1E1E /* Route 6 location.png */ = {isa = PBXFileReference; lastKnownFileType = image.png; path = "Route 6 location.png"; sourceTree = "<group>"; };
		FE814EBB1FD9BC64004C1E1E /* Route 7 location.png */ = {isa = PBXFileReference; lastKnownFileType = image.png; path = "Route 7 location.png"; sourceTree = "<group>"; };
		FE814EBC1FD9BC64004C1E1E /* Route 8 location.png */ = {isa = PBXFileReference; lastKnownFileType = image.png; path = "Route 8 location.png"; sourceTree = "<group>"; };
		FE814EBD1FD9BC64004C1E1E /* Route 11 location.png */ = {isa = PBXFileReference; lastKnownFileType = image.png; path = "Route 11 location.png"; sourceTree = "<group>"; };
		FE814EBE1FD9BC64004C1E1E /* Route 12 location.png */ = {isa = PBXFileReference; lastKnownFileType = image.png; path = "Route 12 location.png"; sourceTree = "<group>"; };
		FE814EBF1FD9BC64004C1E1E /* Route 13 location.png */ = {isa = PBXFileReference; lastKnownFileType = image.png; path = "Route 13 location.png"; sourceTree = "<group>"; };
		FE814EC01FD9BC64004C1E1E /* Route 17 location.png */ = {isa = PBXFileReference; lastKnownFileType = image.png; path = "Route 17 location.png"; sourceTree = "<group>"; };
		FE814EC11FD9BC64004C1E1E /* Route 14 location.png */ = {isa = PBXFileReference; lastKnownFileType = image.png; path = "Route 14 location.png"; sourceTree = "<group>"; };
		FE814EC21FD9BC64004C1E1E /* Route 15 location.png */ = {isa = PBXFileReference; lastKnownFileType = image.png; path = "Route 15 location.png"; sourceTree = "<group>"; };
		FE814EC31FD9BC64004C1E1E /* Route 16 image.png */ = {isa = PBXFileReference; lastKnownFileType = image.png; path = "Route 16 image.png"; sourceTree = "<group>"; };
		FE814EC41FD9BC64004C1E1E /* Route 18 location.png */ = {isa = PBXFileReference; lastKnownFileType = image.png; path = "Route 18 location.png"; sourceTree = "<group>"; };
		FE814EC51FD9BC64004C1E1E /* Route 19 location.png */ = {isa = PBXFileReference; lastKnownFileType = image.png; path = "Route 19 location.png"; sourceTree = "<group>"; };
		FE814EC61FD9BC64004C1E1E /* Route 9 location.png */ = {isa = PBXFileReference; lastKnownFileType = image.png; path = "Route 9 location.png"; sourceTree = "<group>"; };
		FE814EC71FD9BC64004C1E1E /* Route 20 location.png */ = {isa = PBXFileReference; lastKnownFileType = image.png; path = "Route 20 location.png"; sourceTree = "<group>"; };
		FE814EC81FD9BC64004C1E1E /* Route 10 location.png */ = {isa = PBXFileReference; lastKnownFileType = image.png; path = "Route 10 location.png"; sourceTree = "<group>"; };
		FEA31D8A1FD1BA980095D2D2 /* TickIcon.png */ = {isa = PBXFileReference; lastKnownFileType = image.png; path = TickIcon.png; sourceTree = "<group>"; };
		FEA31D8C1FD1BEA50095D2D2 /* WhiteTickIcon.png */ = {isa = PBXFileReference; lastKnownFileType = image.png; path = WhiteTickIcon.png; sourceTree = "<group>"; };
		FEAAB9591FC30E49002D20DA /* Climbing Application.app */ = {isa = PBXFileReference; explicitFileType = wrapper.application; includeInIndex = 0; path = "Climbing Application.app"; sourceTree = BUILT_PRODUCTS_DIR; };
		FEAAB95D1FC30E49002D20DA /* main.m */ = {isa = PBXFileReference; lastKnownFileType = sourcecode.c.objc; path = main.m; sourceTree = "<group>"; };
		FEAAB95F1FC30E49002D20DA /* AppDelegate.h */ = {isa = PBXFileReference; lastKnownFileType = sourcecode.c.h; path = AppDelegate.h; sourceTree = "<group>"; };
		FEAAB9601FC30E49002D20DA /* AppDelegate.m */ = {isa = PBXFileReference; lastKnownFileType = sourcecode.c.objc; path = AppDelegate.m; sourceTree = "<group>"; };
		FEAAB9621FC30E49002D20DA /* DifficultyKeyViewController.h */ = {isa = PBXFileReference; lastKnownFileType = sourcecode.c.h; path = DifficultyKeyViewController.h; sourceTree = "<group>"; };
		FEAAB9631FC30E49002D20DA /* DifficultyKeyViewController.m */ = {isa = PBXFileReference; lastKnownFileType = sourcecode.c.objc; path = DifficultyKeyViewController.m; sourceTree = "<group>"; };
		FEAAB9651FC30E49002D20DA /* StatisticsViewController.h */ = {isa = PBXFileReference; lastKnownFileType = sourcecode.c.h; path = StatisticsViewController.h; sourceTree = "<group>"; };
		FEAAB9661FC30E49002D20DA /* StatisticsViewController.m */ = {isa = PBXFileReference; lastKnownFileType = sourcecode.c.objc; path = StatisticsViewController.m; sourceTree = "<group>"; };
		FEAAB9691FC30E49002D20DA /* Base */ = {isa = PBXFileReference; lastKnownFileType = file.storyboard; name = Base; path = Base.lproj/Main.storyboard; sourceTree = "<group>"; };
		FEAAB96B1FC30E49002D20DA /* Assets.xcassets */ = {isa = PBXFileReference; lastKnownFileType = folder.assetcatalog; path = Assets.xcassets; sourceTree = "<group>"; };
		FEAAB96E1FC30E49002D20DA /* Base */ = {isa = PBXFileReference; lastKnownFileType = file.storyboard; name = Base; path = Base.lproj/LaunchScreen.storyboard; sourceTree = "<group>"; };
		FEAAB9701FC30E49002D20DA /* Info.plist */ = {isa = PBXFileReference; lastKnownFileType = text.plist.xml; path = Info.plist; sourceTree = "<group>"; };
		FEAAB9751FC30E49002D20DA /* Climbing ApplicationTests.xctest */ = {isa = PBXFileReference; explicitFileType = wrapper.cfbundle; includeInIndex = 0; path = "Climbing ApplicationTests.xctest"; sourceTree = BUILT_PRODUCTS_DIR; };
		FEAAB9791FC30E49002D20DA /* Climbing_ApplicationTests.m */ = {isa = PBXFileReference; lastKnownFileType = sourcecode.c.objc; path = Climbing_ApplicationTests.m; sourceTree = "<group>"; };
		FEAAB97B1FC30E49002D20DA /* Info.plist */ = {isa = PBXFileReference; lastKnownFileType = text.plist.xml; path = Info.plist; sourceTree = "<group>"; };
		FEAAB9801FC30E49002D20DA /* Climbing ApplicationUITests.xctest */ = {isa = PBXFileReference; explicitFileType = wrapper.cfbundle; includeInIndex = 0; path = "Climbing ApplicationUITests.xctest"; sourceTree = BUILT_PRODUCTS_DIR; };
		FEAAB9841FC30E49002D20DA /* Climbing_ApplicationUITests.m */ = {isa = PBXFileReference; lastKnownFileType = sourcecode.c.objc; path = Climbing_ApplicationUITests.m; sourceTree = "<group>"; };
		FEAAB9861FC30E49002D20DA /* Info.plist */ = {isa = PBXFileReference; lastKnownFileType = text.plist.xml; path = Info.plist; sourceTree = "<group>"; };
		FEC6F61F1FCD935B00C072D9 /* Route.h */ = {isa = PBXFileReference; fileEncoding = 4; lastKnownFileType = sourcecode.c.h; path = Route.h; sourceTree = "<group>"; };
		FEC6F6201FCD935B00C072D9 /* Route.m */ = {isa = PBXFileReference; fileEncoding = 4; lastKnownFileType = sourcecode.c.objc; path = Route.m; sourceTree = "<group>"; };
		FEC6F6221FCD96F200C072D9 /* DataModel.h */ = {isa = PBXFileReference; fileEncoding = 4; lastKnownFileType = sourcecode.c.h; path = DataModel.h; sourceTree = "<group>"; };
		FEC6F6231FCD96F200C072D9 /* DataModel.m */ = {isa = PBXFileReference; fileEncoding = 4; lastKnownFileType = sourcecode.c.objc; path = DataModel.m; sourceTree = "<group>"; };
		FEC6F6251FCD9A7300C072D9 /* Test image.jpg */ = {isa = PBXFileReference; lastKnownFileType = image.jpeg; path = "Test image.jpg"; sourceTree = "<group>"; };
		FEC6F6271FCD9DBC00C072D9 /* TableViewController.h */ = {isa = PBXFileReference; fileEncoding = 4; lastKnownFileType = sourcecode.c.h; path = TableViewController.h; sourceTree = "<group>"; };
		FEC6F6281FCD9DBC00C072D9 /* TableViewController.m */ = {isa = PBXFileReference; fileEncoding = 4; lastKnownFileType = sourcecode.c.objc; path = TableViewController.m; sourceTree = "<group>"; };
		FEC6F62A1FCDA80400C072D9 /* RouteViewController.h */ = {isa = PBXFileReference; fileEncoding = 4; lastKnownFileType = sourcecode.c.h; path = RouteViewController.h; sourceTree = "<group>"; };
		FEC6F62B1FCDA80400C072D9 /* RouteViewController.m */ = {isa = PBXFileReference; fileEncoding = 4; lastKnownFileType = sourcecode.c.objc; path = RouteViewController.m; sourceTree = "<group>"; };
		FEE252951FD5A52C00EDF7CC /* Green_climbing_hold.png */ = {isa = PBXFileReference; lastKnownFileType = image.png; path = Green_climbing_hold.png; sourceTree = "<group>"; };
		FEE252971FD5B79000EDF7CC /* Orange_climbing_hold.jpg */ = {isa = PBXFileReference; lastKnownFileType = image.jpeg; path = Orange_climbing_hold.jpg; sourceTree = "<group>"; };
		FEE252991FD5B79500EDF7CC /* Grey_climbing_hold.jpg */ = {isa = PBXFileReference; lastKnownFileType = image.jpeg; path = Grey_climbing_hold.jpg; sourceTree = "<group>"; };
		FEE2529B1FD5B7A900EDF7CC /* Yellow_climbing_hold.png */ = {isa = PBXFileReference; lastKnownFileType = image.png; path = Yellow_climbing_hold.png; sourceTree = "<group>"; };
		FEE2529C1FD5B7A900EDF7CC /* Pink_climbing_hold.jpg */ = {isa = PBXFileReference; lastKnownFileType = image.jpeg; path = Pink_climbing_hold.jpg; sourceTree = "<group>"; };
		FEE2529D1FD5B7A900EDF7CC /* Blue_climbing_hold.jpg */ = {isa = PBXFileReference; lastKnownFileType = image.jpeg; path = Blue_climbing_hold.jpg; sourceTree = "<group>"; };
		FEE2529E1FD5B7A900EDF7CC /* Black_climbing_hold.jpg */ = {isa = PBXFileReference; lastKnownFileType = image.jpeg; path = Black_climbing_hold.jpg; sourceTree = "<group>"; };
		FEE252A51FD5B94500EDF7CC /* Purple_climbing_hold_2.jpg */ = {isa = PBXFileReference; lastKnownFileType = image.jpeg; path = Purple_climbing_hold_2.jpg; sourceTree = "<group>"; };
		FEE252A71FD5C70100EDF7CC /* Back_button.png */ = {isa = PBXFileReference; lastKnownFileType = image.png; path = Back_button.png; sourceTree = "<group>"; };
/* End PBXFileReference section */

/* Begin PBXFrameworksBuildPhase section */
		FEAAB9561FC30E48002D20DA /* Frameworks */ = {
			isa = PBXFrameworksBuildPhase;
			buildActionMask = 2147483647;
			files = (
				FE71AA4E1FD6E94F0068BF2E /* CoreLocation.framework in Frameworks */,
				FE71AA4C1FD6E8AE0068BF2E /* MapKit.framework in Frameworks */,
			);
			runOnlyForDeploymentPostprocessing = 0;
		};
		FEAAB9721FC30E49002D20DA /* Frameworks */ = {
			isa = PBXFrameworksBuildPhase;
			buildActionMask = 2147483647;
			files = (
			);
			runOnlyForDeploymentPostprocessing = 0;
		};
		FEAAB97D1FC30E49002D20DA /* Frameworks */ = {
			isa = PBXFrameworksBuildPhase;
			buildActionMask = 2147483647;
			files = (
			);
			runOnlyForDeploymentPostprocessing = 0;
		};
/* End PBXFrameworksBuildPhase section */

/* Begin PBXGroup section */
		FE71AA4A1FD6E8AE0068BF2E /* Frameworks */ = {
			isa = PBXGroup;
			children = (
				FE71AA4D1FD6E94F0068BF2E /* CoreLocation.framework */,
				FE71AA4B1FD6E8AE0068BF2E /* MapKit.framework */,
			);
			name = Frameworks;
			sourceTree = "<group>";
		};
		FEAAB9501FC30E48002D20DA = {
			isa = PBXGroup;
			children = (
				FEAAB95B1FC30E49002D20DA /* Climbing Application */,
				FEAAB9781FC30E49002D20DA /* Climbing ApplicationTests */,
				FEAAB9831FC30E49002D20DA /* Climbing ApplicationUITests */,
				FEAAB95A1FC30E49002D20DA /* Products */,
				FE71AA4A1FD6E8AE0068BF2E /* Frameworks */,
			);
			sourceTree = "<group>";
		};
		FEAAB95A1FC30E49002D20DA /* Products */ = {
			isa = PBXGroup;
			children = (
				FEAAB9591FC30E49002D20DA /* Climbing Application.app */,
				FEAAB9751FC30E49002D20DA /* Climbing ApplicationTests.xctest */,
				FEAAB9801FC30E49002D20DA /* Climbing ApplicationUITests.xctest */,
			);
			name = Products;
			sourceTree = "<group>";
		};
		FEAAB95B1FC30E49002D20DA /* Climbing Application */ = {
			isa = PBXGroup;
			children = (
				FEAAB95F1FC30E49002D20DA /* AppDelegate.h */,
				FEAAB9601FC30E49002D20DA /* AppDelegate.m */,
				FEC6F6271FCD9DBC00C072D9 /* TableViewController.h */,
				FEC6F6281FCD9DBC00C072D9 /* TableViewController.m */,
				FEC6F62A1FCDA80400C072D9 /* RouteViewController.h */,
				FEC6F62B1FCDA80400C072D9 /* RouteViewController.m */,
				FEAAB9621FC30E49002D20DA /* DifficultyKeyViewController.h */,
				FEAAB9631FC30E49002D20DA /* DifficultyKeyViewController.m */,
				FEAAB9651FC30E49002D20DA /* StatisticsViewController.h */,
				FEAAB9661FC30E49002D20DA /* StatisticsViewController.m */,
				FE50751D1FD9465E00244146 /* LocationViewController.h */,
				FE50751E1FD9465E00244146 /* LocationViewController.m */,
				FEAAB9681FC30E49002D20DA /* Main.storyboard */,
				FEC6F61F1FCD935B00C072D9 /* Route.h */,
				FEC6F6201FCD935B00C072D9 /* Route.m */,
				FEC6F6221FCD96F200C072D9 /* DataModel.h */,
				FEC6F6231FCD96F200C072D9 /* DataModel.m */,
				FEAAB96B1FC30E49002D20DA /* Assets.xcassets */,
				FEAAB96D1FC30E49002D20DA /* LaunchScreen.storyboard */,
				FEAAB9701FC30E49002D20DA /* Info.plist */,
				FEC6F6251FCD9A7300C072D9 /* Test image.jpg */,
				FEA31D8C1FD1BEA50095D2D2 /* WhiteTickIcon.png */,
				FEA31D8A1FD1BA980095D2D2 /* TickIcon.png */,
				FEE252A71FD5C70100EDF7CC /* Back_button.png */,
				FEE252951FD5A52C00EDF7CC /* Green_climbing_hold.png */,
				FEE252971FD5B79000EDF7CC /* Orange_climbing_hold.jpg */,
				FEE252991FD5B79500EDF7CC /* Grey_climbing_hold.jpg */,
				FEE2529B1FD5B7A900EDF7CC /* Yellow_climbing_hold.png */,
				FEE2529C1FD5B7A900EDF7CC /* Pink_climbing_hold.jpg */,
				FEE2529D1FD5B7A900EDF7CC /* Blue_climbing_hold.jpg */,
				FEE2529E1FD5B7A900EDF7CC /* Black_climbing_hold.jpg */,
				FEE252A51FD5B94500EDF7CC /* Purple_climbing_hold_2.jpg */,
				FE5AD37B1FD9652200FB5F9D /* GreenCircle.png */,
				FE5AD37C1FD9652200FB5F9D /* RedCircle.png */,
				FE5AD37D1FD9652200FB5F9D /* YellowCircle.png */,
				FE814EB51FD9BC64004C1E1E /* Route 1 location.png */,
				FE814EB61FD9BC64004C1E1E /* Route 2 location.png */,
				FE814EB71FD9BC64004C1E1E /* Route 3 location.png */,
				FE814EB81FD9BC64004C1E1E /* Route 4 location.png */,
				FE814EB91FD9BC64004C1E1E /* Route 5 location.png */,
				FE814EBA1FD9BC64004C1E1E /* Route 6 location.png */,
				FE814EBB1FD9BC64004C1E1E /* Route 7 location.png */,
				FE814EBC1FD9BC64004C1E1E /* Route 8 location.png */,
				FE814EBD1FD9BC64004C1E1E /* Route 11 location.png */,
				FE814EBE1FD9BC64004C1E1E /* Route 12 location.png */,
				FE814EBF1FD9BC64004C1E1E /* Route 13 location.png */,
				FE814EC01FD9BC64004C1E1E /* Route 17 location.png */,
				FE814EC11FD9BC64004C1E1E /* Route 14 location.png */,
				FE814EC21FD9BC64004C1E1E /* Route 15 location.png */,
				FE814EC31FD9BC64004C1E1E /* Route 16 image.png */,
				FE814EC41FD9BC64004C1E1E /* Route 18 location.png */,
				FE814EC51FD9BC64004C1E1E /* Route 19 location.png */,
				FE814EC61FD9BC64004C1E1E /* Route 9 location.png */,
				FE814EC71FD9BC64004C1E1E /* Route 20 location.png */,
				FE814EC81FD9BC64004C1E1E /* Route 10 location.png */,
				FEAAB95C1FC30E49002D20DA /* Supporting Files */,
			);
			path = "Climbing Application";
			sourceTree = "<group>";
		};
		FEAAB95C1FC30E49002D20DA /* Supporting Files */ = {
			isa = PBXGroup;
			children = (
				FEAAB95D1FC30E49002D20DA /* main.m */,
			);
			name = "Supporting Files";
			sourceTree = "<group>";
		};
		FEAAB9781FC30E49002D20DA /* Climbing ApplicationTests */ = {
			isa = PBXGroup;
			children = (
				FEAAB9791FC30E49002D20DA /* Climbing_ApplicationTests.m */,
				FEAAB97B1FC30E49002D20DA /* Info.plist */,
			);
			path = "Climbing ApplicationTests";
			sourceTree = "<group>";
		};
		FEAAB9831FC30E49002D20DA /* Climbing ApplicationUITests */ = {
			isa = PBXGroup;
			children = (
				FEAAB9841FC30E49002D20DA /* Climbing_ApplicationUITests.m */,
				FEAAB9861FC30E49002D20DA /* Info.plist */,
			);
			path = "Climbing ApplicationUITests";
			sourceTree = "<group>";
		};
/* End PBXGroup section */

/* Begin PBXNativeTarget section */
		FEAAB9581FC30E48002D20DA /* Climbing Application */ = {
			isa = PBXNativeTarget;
			buildConfigurationList = FEAAB9891FC30E49002D20DA /* Build configuration list for PBXNativeTarget "Climbing Application" */;
			buildPhases = (
				FEAAB9551FC30E48002D20DA /* Sources */,
				FEAAB9561FC30E48002D20DA /* Frameworks */,
				FEAAB9571FC30E48002D20DA /* Resources */,
			);
			buildRules = (
			);
			dependencies = (
			);
			name = "Climbing Application";
			productName = "Climbing Application";
			productReference = FEAAB9591FC30E49002D20DA /* Climbing Application.app */;
			productType = "com.apple.product-type.application";
		};
		FEAAB9741FC30E49002D20DA /* Climbing ApplicationTests */ = {
			isa = PBXNativeTarget;
			buildConfigurationList = FEAAB98C1FC30E49002D20DA /* Build configuration list for PBXNativeTarget "Climbing ApplicationTests" */;
			buildPhases = (
				FEAAB9711FC30E49002D20DA /* Sources */,
				FEAAB9721FC30E49002D20DA /* Frameworks */,
				FEAAB9731FC30E49002D20DA /* Resources */,
			);
			buildRules = (
			);
			dependencies = (
				FEAAB9771FC30E49002D20DA /* PBXTargetDependency */,
			);
			name = "Climbing ApplicationTests";
			productName = "Climbing ApplicationTests";
			productReference = FEAAB9751FC30E49002D20DA /* Climbing ApplicationTests.xctest */;
			productType = "com.apple.product-type.bundle.unit-test";
		};
		FEAAB97F1FC30E49002D20DA /* Climbing ApplicationUITests */ = {
			isa = PBXNativeTarget;
			buildConfigurationList = FEAAB98F1FC30E49002D20DA /* Build configuration list for PBXNativeTarget "Climbing ApplicationUITests" */;
			buildPhases = (
				FEAAB97C1FC30E49002D20DA /* Sources */,
				FEAAB97D1FC30E49002D20DA /* Frameworks */,
				FEAAB97E1FC30E49002D20DA /* Resources */,
			);
			buildRules = (
			);
			dependencies = (
				FEAAB9821FC30E49002D20DA /* PBXTargetDependency */,
			);
			name = "Climbing ApplicationUITests";
			productName = "Climbing ApplicationUITests";
			productReference = FEAAB9801FC30E49002D20DA /* Climbing ApplicationUITests.xctest */;
			productType = "com.apple.product-type.bundle.ui-testing";
		};
/* End PBXNativeTarget section */

/* Begin PBXProject section */
		FEAAB9511FC30E48002D20DA /* Project object */ = {
			isa = PBXProject;
			attributes = {
				LastUpgradeCheck = 0800;
				ORGANIZATIONNAME = "University of Leeds";
				TargetAttributes = {
					FEAAB9581FC30E48002D20DA = {
						CreatedOnToolsVersion = 8.0;
						ProvisioningStyle = Automatic;
						SystemCapabilities = {
							com.apple.Maps.iOS = {
								enabled = 0;
							};
						};
					};
					FEAAB9741FC30E49002D20DA = {
						CreatedOnToolsVersion = 8.0;
						ProvisioningStyle = Automatic;
						TestTargetID = FEAAB9581FC30E48002D20DA;
					};
					FEAAB97F1FC30E49002D20DA = {
						CreatedOnToolsVersion = 8.0;
						ProvisioningStyle = Automatic;
						TestTargetID = FEAAB9581FC30E48002D20DA;
					};
				};
			};
			buildConfigurationList = FEAAB9541FC30E48002D20DA /* Build configuration list for PBXProject "Climbing Application" */;
			compatibilityVersion = "Xcode 3.2";
			developmentRegion = English;
			hasScannedForEncodings = 0;
			knownRegions = (
				en,
				Base,
			);
			mainGroup = FEAAB9501FC30E48002D20DA;
			productRefGroup = FEAAB95A1FC30E49002D20DA /* Products */;
			projectDirPath = "";
			projectRoot = "";
			targets = (
				FEAAB9581FC30E48002D20DA /* Climbing Application */,
				FEAAB9741FC30E49002D20DA /* Climbing ApplicationTests */,
				FEAAB97F1FC30E49002D20DA /* Climbing ApplicationUITests */,
			);
		};
/* End PBXProject section */

/* Begin PBXResourcesBuildPhase section */
		FEAAB9571FC30E48002D20DA /* Resources */ = {
			isa = PBXResourcesBuildPhase;
			buildActionMask = 2147483647;
			files = (
				FE5AD37F1FD9652200FB5F9D /* RedCircle.png in Resources */,
				FE814ECA1FD9BC64004C1E1E /* Route 2 location.png in Resources */,
				FEC6F6261FCD9A7300C072D9 /* Test image.jpg in Resources */,
				FE814EDC1FD9BC64004C1E1E /* Route 10 location.png in Resources */,
				FEE252A11FD5B7A900EDF7CC /* Pink_climbing_hold.jpg in Resources */,
				FEE252A61FD5B94500EDF7CC /* Purple_climbing_hold_2.jpg in Resources */,
				FEAAB96F1FC30E49002D20DA /* LaunchScreen.storyboard in Resources */,
				FEAAB96C1FC30E49002D20DA /* Assets.xcassets in Resources */,
				FE5AD37E1FD9652200FB5F9D /* GreenCircle.png in Resources */,
				FE814ED31FD9BC64004C1E1E /* Route 13 location.png in Resources */,
				FEE252A31FD5B7A900EDF7CC /* Black_climbing_hold.jpg in Resources */,
				FE814ED51FD9BC64004C1E1E /* Route 14 location.png in Resources */,
				FE814EC91FD9BC64004C1E1E /* Route 1 location.png in Resources */,
				FEA31D8B1FD1BA980095D2D2 /* TickIcon.png in Resources */,
				FE814ED21FD9BC64004C1E1E /* Route 12 location.png in Resources */,
				FEAAB96A1FC30E49002D20DA /* Main.storyboard in Resources */,
				FE814ECB1FD9BC64004C1E1E /* Route 3 location.png in Resources */,
				FE814ECE1FD9BC64004C1E1E /* Route 6 location.png in Resources */,
				FEE252981FD5B79000EDF7CC /* Orange_climbing_hold.jpg in Resources */,
				FE814EDB1FD9BC64004C1E1E /* Route 20 location.png in Resources */,
				FE814ED01FD9BC64004C1E1E /* Route 8 location.png in Resources */,
				FEA31D8D1FD1BEA50095D2D2 /* WhiteTickIcon.png in Resources */,
				FE814ED71FD9BC64004C1E1E /* Route 16 image.png in Resources */,
				FE814ED11FD9BC64004C1E1E /* Route 11 location.png in Resources */,
				FEE252961FD5A52C00EDF7CC /* Green_climbing_hold.png in Resources */,
				FE814ED81FD9BC64004C1E1E /* Route 18 location.png in Resources */,
				FE814ED91FD9BC64004C1E1E /* Route 19 location.png in Resources */,
				FE814ED61FD9BC64004C1E1E /* Route 15 location.png in Resources */,
				FEE2529A1FD5B79500EDF7CC /* Grey_climbing_hold.jpg in Resources */,
				FE814ED41FD9BC64004C1E1E /* Route 17 location.png in Resources */,
				FEE252A01FD5B7A900EDF7CC /* Yellow_climbing_hold.png in Resources */,
				FE5AD3801FD9652200FB5F9D /* YellowCircle.png in Resources */,
				FEE252A21FD5B7A900EDF7CC /* Blue_climbing_hold.jpg in Resources */,
				FE814ECD1FD9BC64004C1E1E /* Route 5 location.png in Resources */,
				FE814EDA1FD9BC64004C1E1E /* Route 9 location.png in Resources */,
				FE814ECF1FD9BC64004C1E1E /* Route 7 location.png in Resources */,
				FEE252A81FD5C70100EDF7CC /* Back_button.png in Resources */,
				FE814ECC1FD9BC64004C1E1E /* Route 4 location.png in Resources */,
			);
			runOnlyForDeploymentPostprocessing = 0;
		};
		FEAAB9731FC30E49002D20DA /* Resources */ = {
			isa = PBXResourcesBuildPhase;
			buildActionMask = 2147483647;
			files = (
			);
			runOnlyForDeploymentPostprocessing = 0;
		};
		FEAAB97E1FC30E49002D20DA /* Resources */ = {
			isa = PBXResourcesBuildPhase;
			buildActionMask = 2147483647;
			files = (
			);
			runOnlyForDeploymentPostprocessing = 0;
		};
/* End PBXResourcesBuildPhase section */

/* Begin PBXSourcesBuildPhase section */
		FEAAB9551FC30E48002D20DA /* Sources */ = {
			isa = PBXSourcesBuildPhase;
			buildActionMask = 2147483647;
			files = (
				FEC6F6211FCD935B00C072D9 /* Route.m in Sources */,
				FE50751F1FD9465E00244146 /* LocationViewController.m in Sources */,
				FEAAB9671FC30E49002D20DA /* StatisticsViewController.m in Sources */,
				FEAAB9611FC30E49002D20DA /* AppDelegate.m in Sources */,
				FEAAB9641FC30E49002D20DA /* DifficultyKeyViewController.m in Sources */,
				FEAAB95E1FC30E49002D20DA /* main.m in Sources */,
				FEC6F6291FCD9DBC00C072D9 /* TableViewController.m in Sources */,
				FEC6F62C1FCDA80400C072D9 /* RouteViewController.m in Sources */,
				FEC6F6241FCD96F200C072D9 /* DataModel.m in Sources */,
			);
			runOnlyForDeploymentPostprocessing = 0;
		};
		FEAAB9711FC30E49002D20DA /* Sources */ = {
			isa = PBXSourcesBuildPhase;
			buildActionMask = 2147483647;
			files = (
				FEAAB97A1FC30E49002D20DA /* Climbing_ApplicationTests.m in Sources */,
			);
			runOnlyForDeploymentPostprocessing = 0;
		};
		FEAAB97C1FC30E49002D20DA /* Sources */ = {
			isa = PBXSourcesBuildPhase;
			buildActionMask = 2147483647;
			files = (
				FEAAB9851FC30E49002D20DA /* Climbing_ApplicationUITests.m in Sources */,
			);
			runOnlyForDeploymentPostprocessing = 0;
		};
/* End PBXSourcesBuildPhase section */

/* Begin PBXTargetDependency section */
		FEAAB9771FC30E49002D20DA /* PBXTargetDependency */ = {
			isa = PBXTargetDependency;
			target = FEAAB9581FC30E48002D20DA /* Climbing Application */;
			targetProxy = FEAAB9761FC30E49002D20DA /* PBXContainerItemProxy */;
		};
		FEAAB9821FC30E49002D20DA /* PBXTargetDependency */ = {
			isa = PBXTargetDependency;
			target = FEAAB9581FC30E48002D20DA /* Climbing Application */;
			targetProxy = FEAAB9811FC30E49002D20DA /* PBXContainerItemProxy */;
		};
/* End PBXTargetDependency section */

/* Begin PBXVariantGroup section */
		FEAAB9681FC30E49002D20DA /* Main.storyboard */ = {
			isa = PBXVariantGroup;
			children = (
				FEAAB9691FC30E49002D20DA /* Base */,
			);
			name = Main.storyboard;
			sourceTree = "<group>";
		};
		FEAAB96D1FC30E49002D20DA /* LaunchScreen.storyboard */ = {
			isa = PBXVariantGroup;
			children = (
				FEAAB96E1FC30E49002D20DA /* Base */,
			);
			name = LaunchScreen.storyboard;
			sourceTree = "<group>";
		};
/* End PBXVariantGroup section */

/* Begin XCBuildConfiguration section */
		FEAAB9871FC30E49002D20DA /* Debug */ = {
			isa = XCBuildConfiguration;
			buildSettings = {
				ALWAYS_SEARCH_USER_PATHS = NO;
				CLANG_ANALYZER_NONNULL = YES;
				CLANG_CXX_LANGUAGE_STANDARD = "gnu++0x";
				CLANG_CXX_LIBRARY = "libc++";
				CLANG_ENABLE_MODULES = YES;
				CLANG_ENABLE_OBJC_ARC = YES;
				CLANG_WARN_BOOL_CONVERSION = YES;
				CLANG_WARN_CONSTANT_CONVERSION = YES;
				CLANG_WARN_DIRECT_OBJC_ISA_USAGE = YES_ERROR;
				CLANG_WARN_DOCUMENTATION_COMMENTS = YES;
				CLANG_WARN_EMPTY_BODY = YES;
				CLANG_WARN_ENUM_CONVERSION = YES;
				CLANG_WARN_INFINITE_RECURSION = YES;
				CLANG_WARN_INT_CONVERSION = YES;
				CLANG_WARN_OBJC_ROOT_CLASS = YES_ERROR;
				CLANG_WARN_SUSPICIOUS_MOVES = YES;
				CLANG_WARN_UNREACHABLE_CODE = YES;
				CLANG_WARN__DUPLICATE_METHOD_MATCH = YES;
				"CODE_SIGN_IDENTITY[sdk=iphoneos*]" = "iPhone Developer";
				COPY_PHASE_STRIP = NO;
				DEBUG_INFORMATION_FORMAT = dwarf;
				ENABLE_STRICT_OBJC_MSGSEND = YES;
				ENABLE_TESTABILITY = YES;
				GCC_C_LANGUAGE_STANDARD = gnu99;
				GCC_DYNAMIC_NO_PIC = NO;
				GCC_NO_COMMON_BLOCKS = YES;
				GCC_OPTIMIZATION_LEVEL = 0;
				GCC_PREPROCESSOR_DEFINITIONS = (
					"DEBUG=1",
					"$(inherited)",
				);
				GCC_WARN_64_TO_32_BIT_CONVERSION = YES;
				GCC_WARN_ABOUT_RETURN_TYPE = YES_ERROR;
				GCC_WARN_UNDECLARED_SELECTOR = YES;
				GCC_WARN_UNINITIALIZED_AUTOS = YES_AGGRESSIVE;
				GCC_WARN_UNUSED_FUNCTION = YES;
				GCC_WARN_UNUSED_VARIABLE = YES;
				IPHONEOS_DEPLOYMENT_TARGET = 10.0;
				MTL_ENABLE_DEBUG_INFO = YES;
				ONLY_ACTIVE_ARCH = YES;
				SDKROOT = iphoneos;
				TARGETED_DEVICE_FAMILY = "1,2";
			};
			name = Debug;
		};
		FEAAB9881FC30E49002D20DA /* Release */ = {
			isa = XCBuildConfiguration;
			buildSettings = {
				ALWAYS_SEARCH_USER_PATHS = NO;
				CLANG_ANALYZER_NONNULL = YES;
				CLANG_CXX_LANGUAGE_STANDARD = "gnu++0x";
				CLANG_CXX_LIBRARY = "libc++";
				CLANG_ENABLE_MODULES = YES;
				CLANG_ENABLE_OBJC_ARC = YES;
				CLANG_WARN_BOOL_CONVERSION = YES;
				CLANG_WARN_CONSTANT_CONVERSION = YES;
				CLANG_WARN_DIRECT_OBJC_ISA_USAGE = YES_ERROR;
				CLANG_WARN_DOCUMENTATION_COMMENTS = YES;
				CLANG_WARN_EMPTY_BODY = YES;
				CLANG_WARN_ENUM_CONVERSION = YES;
				CLANG_WARN_INFINITE_RECURSION = YES;
				CLANG_WARN_INT_CONVERSION = YES;
				CLANG_WARN_OBJC_ROOT_CLASS = YES_ERROR;
				CLANG_WARN_SUSPICIOUS_MOVES = YES;
				CLANG_WARN_UNREACHABLE_CODE = YES;
				CLANG_WARN__DUPLICATE_METHOD_MATCH = YES;
				"CODE_SIGN_IDENTITY[sdk=iphoneos*]" = "iPhone Developer";
				COPY_PHASE_STRIP = NO;
				DEBUG_INFORMATION_FORMAT = "dwarf-with-dsym";
				ENABLE_NS_ASSERTIONS = NO;
				ENABLE_STRICT_OBJC_MSGSEND = YES;
				GCC_C_LANGUAGE_STANDARD = gnu99;
				GCC_NO_COMMON_BLOCKS = YES;
				GCC_WARN_64_TO_32_BIT_CONVERSION = YES;
				GCC_WARN_ABOUT_RETURN_TYPE = YES_ERROR;
				GCC_WARN_UNDECLARED_SELECTOR = YES;
				GCC_WARN_UNINITIALIZED_AUTOS = YES_AGGRESSIVE;
				GCC_WARN_UNUSED_FUNCTION = YES;
				GCC_WARN_UNUSED_VARIABLE = YES;
				IPHONEOS_DEPLOYMENT_TARGET = 10.0;
				MTL_ENABLE_DEBUG_INFO = NO;
				SDKROOT = iphoneos;
				TARGETED_DEVICE_FAMILY = "1,2";
				VALIDATE_PRODUCT = YES;
			};
			name = Release;
		};
		FEAAB98A1FC30E49002D20DA /* Debug */ = {
			isa = XCBuildConfiguration;
			buildSettings = {
				ASSETCATALOG_COMPILER_APPICON_NAME = AppIcon;
				INFOPLIST_FILE = "Climbing Application/Info.plist";
				LD_RUNPATH_SEARCH_PATHS = "$(inherited) @executable_path/Frameworks";
				PRODUCT_BUNDLE_IDENTIFIER = "uk.ac.leeds.Climbing-Application";
				PRODUCT_NAME = "$(TARGET_NAME)";
			};
			name = Debug;
		};
		FEAAB98B1FC30E49002D20DA /* Release */ = {
			isa = XCBuildConfiguration;
			buildSettings = {
				ASSETCATALOG_COMPILER_APPICON_NAME = AppIcon;
				INFOPLIST_FILE = "Climbing Application/Info.plist";
				LD_RUNPATH_SEARCH_PATHS = "$(inherited) @executable_path/Frameworks";
				PRODUCT_BUNDLE_IDENTIFIER = "uk.ac.leeds.Climbing-Application";
				PRODUCT_NAME = "$(TARGET_NAME)";
			};
			name = Release;
		};
		FEAAB98D1FC30E49002D20DA /* Debug */ = {
			isa = XCBuildConfiguration;
			buildSettings = {
				BUNDLE_LOADER = "$(TEST_HOST)";
				INFOPLIST_FILE = "Climbing ApplicationTests/Info.plist";
				LD_RUNPATH_SEARCH_PATHS = "$(inherited) @executable_path/Frameworks @loader_path/Frameworks";
				PRODUCT_BUNDLE_IDENTIFIER = "uk.ac.leeds.Climbing-ApplicationTests";
				PRODUCT_NAME = "$(TARGET_NAME)";
				TEST_HOST = "$(BUILT_PRODUCTS_DIR)/Climbing Application.app/Climbing Application";
			};
			name = Debug;
		};
		FEAAB98E1FC30E49002D20DA /* Release */ = {
			isa = XCBuildConfiguration;
			buildSettings = {
				BUNDLE_LOADER = "$(TEST_HOST)";
				INFOPLIST_FILE = "Climbing ApplicationTests/Info.plist";
				LD_RUNPATH_SEARCH_PATHS = "$(inherited) @executable_path/Frameworks @loader_path/Frameworks";
				PRODUCT_BUNDLE_IDENTIFIER = "uk.ac.leeds.Climbing-ApplicationTests";
				PRODUCT_NAME = "$(TARGET_NAME)";
				TEST_HOST = "$(BUILT_PRODUCTS_DIR)/Climbing Application.app/Climbing Application";
			};
			name = Release;
		};
		FEAAB9901FC30E49002D20DA /* Debug */ = {
			isa = XCBuildConfiguration;
			buildSettings = {
				INFOPLIST_FILE = "Climbing ApplicationUITests/Info.plist";
				LD_RUNPATH_SEARCH_PATHS = "$(inherited) @executable_path/Frameworks @loader_path/Frameworks";
				PRODUCT_BUNDLE_IDENTIFIER = "uk.ac.leeds.Climbing-ApplicationUITests";
				PRODUCT_NAME = "$(TARGET_NAME)";
				TEST_TARGET_NAME = "Climbing Application";
			};
			name = Debug;
		};
		FEAAB9911FC30E49002D20DA /* Release */ = {
			isa = XCBuildConfiguration;
			buildSettings = {
				INFOPLIST_FILE = "Climbing ApplicationUITests/Info.plist";
				LD_RUNPATH_SEARCH_PATHS = "$(inherited) @executable_path/Frameworks @loader_path/Frameworks";
				PRODUCT_BUNDLE_IDENTIFIER = "uk.ac.leeds.Climbing-ApplicationUITests";
				PRODUCT_NAME = "$(TARGET_NAME)";
				TEST_TARGET_NAME = "Climbing Application";
			};
			name = Release;
		};
/* End XCBuildConfiguration section */

/* Begin XCConfigurationList section */
		FEAAB9541FC30E48002D20DA /* Build configuration list for PBXProject "Climbing Application" */ = {
			isa = XCConfigurationList;
			buildConfigurations = (
				FEAAB9871FC30E49002D20DA /* Debug */,
				FEAAB9881FC30E49002D20DA /* Release */,
			);
			defaultConfigurationIsVisible = 0;
			defaultConfigurationName = Release;
		};
		FEAAB9891FC30E49002D20DA /* Build configuration list for PBXNativeTarget "Climbing Application" */ = {
			isa = XCConfigurationList;
			buildConfigurations = (
				FEAAB98A1FC30E49002D20DA /* Debug */,
				FEAAB98B1FC30E49002D20DA /* Release */,
			);
			defaultConfigurationIsVisible = 0;
			defaultConfigurationName = Release;
		};
		FEAAB98C1FC30E49002D20DA /* Build configuration list for PBXNativeTarget "Climbing ApplicationTests" */ = {
			isa = XCConfigurationList;
			buildConfigurations = (
				FEAAB98D1FC30E49002D20DA /* Debug */,
				FEAAB98E1FC30E49002D20DA /* Release */,
			);
			defaultConfigurationIsVisible = 0;
			defaultConfigurationName = Release;
		};
		FEAAB98F1FC30E49002D20DA /* Build configuration list for PBXNativeTarget "Climbing ApplicationUITests" */ = {
			isa = XCConfigurationList;
			buildConfigurations = (
				FEAAB9901FC30E49002D20DA /* Debug */,
				FEAAB9911FC30E49002D20DA /* Release */,
			);
			defaultConfigurationIsVisible = 0;
			defaultConfigurationName = Release;
		};
/* End XCConfigurationList section */
	};
	rootObject = FEAAB9511FC30E48002D20DA /* Project object */;
}
